
Microsoft Visual Studio Solution File, Format Version 12.00
# Visual Studio Version 17
VisualStudioVersion = 17.10.35122.118
MinimumVisualStudioVersion = 10.0.40219.1
Project("{FAE04EC0-301F-11D3-BF4B-00C04F79EFBC}") = "BulkyBookWeb", "BulkyBookWeb\BulkyBookWeb.csproj", "{DB7512E5-8524-461E-B526-342312474C37}"
EndProject
Global
	GlobalSection(SolutionConfigurationPlatforms) = preSolution
		Debug|Any CPU = Debug|Any CPU
		Release|Any CPU = Release|Any CPU
	EndGlobalSection
	GlobalSection(ProjectConfigurationPlatforms) = postSolution
		{DB7512E5-8524-461E-B526-342312474C37}.Debug|Any CPU.ActiveCfg = Debug|Any CPU
		{DB7512E5-8524-461E-B526-342312474C37}.Debug|Any CPU.Build.0 = Debug|Any CPU
		{DB7512E5-8524-461E-B526-342312474C37}.Release|Any CPU.ActiveCfg = Release|Any CPU
		{DB7512E5-8524-461E-B526-342312474C37}.Release|Any CPU.Build.0 = Release|Any CPU
	EndGlobalSection
	GlobalSection(SolutionProperties) = preSolution
		HideSolutionNode = FALSE
	EndGlobalSection
	GlobalSection(ExtensibilityGlobals) = postSolution
		SolutionGuid = {9A25053A-A822-443C-8956-5CAC23463632}
	EndGlobalSection
EndGlobal
